// !$*UTF8*$!
{
	archiveVersion = 1;
	classes = {
	};
	objectVersion = 50;
	objects = {

/* Begin PBXBuildFile section */
		A7F92303224707FE00B2BB93 /* AppDelegate.swift in Sources */ = {isa = PBXBuildFile; fileRef = A7F92302224707FE00B2BB93 /* AppDelegate.swift */; };
		A7F92305224707FE00B2BB93 /* ViewController.swift in Sources */ = {isa = PBXBuildFile; fileRef = A7F92304224707FE00B2BB93 /* ViewController.swift */; };
		A7F92308224707FE00B2BB93 /* Main.storyboard in Resources */ = {isa = PBXBuildFile; fileRef = A7F92306224707FE00B2BB93 /* Main.storyboard */; };
		A7F9230A2247080400B2BB93 /* Assets.xcassets in Resources */ = {isa = PBXBuildFile; fileRef = A7F923092247080400B2BB93 /* Assets.xcassets */; };
		A7F9230D2247080400B2BB93 /* LaunchScreen.storyboard in Resources */ = {isa = PBXBuildFile; fileRef = A7F9230B2247080400B2BB93 /* LaunchScreen.storyboard */; };
		A7F923182247080500B2BB93 /* TicTacToeTests.swift in Sources */ = {isa = PBXBuildFile; fileRef = A7F923172247080500B2BB93 /* TicTacToeTests.swift */; };
		A7F923232247080500B2BB93 /* TicTacToeUITests.swift in Sources */ = {isa = PBXBuildFile; fileRef = A7F923222247080500B2BB93 /* TicTacToeUITests.swift */; };
		A7F923332247109900B2BB93 /* board.png in Resources */ = {isa = PBXBuildFile; fileRef = A7F923302247109800B2BB93 /* board.png */; };
		A7F923342247109900B2BB93 /* cross.png in Resources */ = {isa = PBXBuildFile; fileRef = A7F923312247109800B2BB93 /* cross.png */; };
		A7F923352247109900B2BB93 /* nought.png in Resources */ = {isa = PBXBuildFile; fileRef = A7F923322247109800B2BB93 /* nought.png */; };
/* End PBXBuildFile section */

/* Begin PBXContainerItemProxy section */
		A7F923142247080500B2BB93 /* PBXContainerItemProxy */ = {
			isa = PBXContainerItemProxy;
			containerPortal = A7F922F7224707FE00B2BB93 /* Project object */;
			proxyType = 1;
			remoteGlobalIDString = A7F922FE224707FE00B2BB93;
			remoteInfo = TicTacToe;
		};
		A7F9231F2247080500B2BB93 /* PBXContainerItemProxy */ = {
			isa = PBXContainerItemProxy;
			containerPortal = A7F922F7224707FE00B2BB93 /* Project object */;
			proxyType = 1;
			remoteGlobalIDString = A7F922FE224707FE00B2BB93;
			remoteInfo = TicTacToe;
		};
/* End PBXContainerItemProxy section */

/* Begin PBXFileReference section */
		A7DCF5E622484C2200D231DA /* README.md */ = {isa = PBXFileReference; lastKnownFileType = net.daringfireball.markdown; path = README.md; sourceTree = "<group>"; };
		A7F922FF224707FE00B2BB93 /* TicTacToe.app */ = {isa = PBXFileReference; explicitFileType = wrapper.application; includeInIndex = 0; path = TicTacToe.app; sourceTree = BUILT_PRODUCTS_DIR; };
		A7F92302224707FE00B2BB93 /* AppDelegate.swift */ = {isa = PBXFileReference; lastKnownFileType = sourcecode.swift; path = AppDelegate.swift; sourceTree = "<group>"; };
		A7F92304224707FE00B2BB93 /* ViewController.swift */ = {isa = PBXFileReference; lastKnownFileType = sourcecode.swift; path = ViewController.swift; sourceTree = "<group>"; };
		A7F92307224707FE00B2BB93 /* Base */ = {isa = PBXFileReference; lastKnownFileType = file.storyboard; name = Base; path = Base.lproj/Main.storyboard; sourceTree = "<group>"; };
		A7F923092247080400B2BB93 /* Assets.xcassets */ = {isa = PBXFileReference; lastKnownFileType = folder.assetcatalog; path = Assets.xcassets; sourceTree = "<group>"; };
		A7F9230C2247080400B2BB93 /* Base */ = {isa = PBXFileReference; lastKnownFileType = file.storyboard; name = Base; path = Base.lproj/LaunchScreen.storyboard; sourceTree = "<group>"; };
		A7F9230E2247080400B2BB93 /* Info.plist */ = {isa = PBXFileReference; lastKnownFileType = text.plist.xml; path = Info.plist; sourceTree = "<group>"; };
		A7F923132247080500B2BB93 /* TicTacToeTests.xctest */ = {isa = PBXFileReference; explicitFileType = wrapper.cfbundle; includeInIndex = 0; path = TicTacToeTests.xctest; sourceTree = BUILT_PRODUCTS_DIR; };
		A7F923172247080500B2BB93 /* TicTacToeTests.swift */ = {isa = PBXFileReference; lastKnownFileType = sourcecode.swift; path = TicTacToeTests.swift; sourceTree = "<group>"; };
		A7F923192247080500B2BB93 /* Info.plist */ = {isa = PBXFileReference; lastKnownFileType = text.plist.xml; path = Info.plist; sourceTree = "<group>"; };
		A7F9231E2247080500B2BB93 /* TicTacToeUITests.xctest */ = {isa = PBXFileReference; explicitFileType = wrapper.cfbundle; includeInIndex = 0; path = TicTacToeUITests.xctest; sourceTree = BUILT_PRODUCTS_DIR; };
		A7F923222247080500B2BB93 /* TicTacToeUITests.swift */ = {isa = PBXFileReference; lastKnownFileType = sourcecode.swift; path = TicTacToeUITests.swift; sourceTree = "<group>"; };
		A7F923242247080500B2BB93 /* Info.plist */ = {isa = PBXFileReference; lastKnownFileType = text.plist.xml; path = Info.plist; sourceTree = "<group>"; };
		A7F923302247109800B2BB93 /* board.png */ = {isa = PBXFileReference; lastKnownFileType = image.png; path = board.png; sourceTree = "<group>"; };
		A7F923312247109800B2BB93 /* cross.png */ = {isa = PBXFileReference; lastKnownFileType = image.png; path = cross.png; sourceTree = "<group>"; };
		A7F923322247109800B2BB93 /* nought.png */ = {isa = PBXFileReference; lastKnownFileType = image.png; path = nought.png; sourceTree = "<group>"; };
/* End PBXFileReference section */

/* Begin PBXFrameworksBuildPhase section */
		A7F922FC224707FE00B2BB93 /* Frameworks */ = {
			isa = PBXFrameworksBuildPhase;
			buildActionMask = 2147483647;
			files = (
			);
			runOnlyForDeploymentPostprocessing = 0;
		};
		A7F923102247080500B2BB93 /* Frameworks */ = {
			isa = PBXFrameworksBuildPhase;
			buildActionMask = 2147483647;
			files = (
			);
			runOnlyForDeploymentPostprocessing = 0;
		};
		A7F9231B2247080500B2BB93 /* Frameworks */ = {
			isa = PBXFrameworksBuildPhase;
			buildActionMask = 2147483647;
			files = (
			);
			runOnlyForDeploymentPostprocessing = 0;
		};
/* End PBXFrameworksBuildPhase section */

/* Begin PBXGroup section */
		A7F922F6224707FE00B2BB93 = {
			isa = PBXGroup;
			children = (
				A7DCF5E622484C2200D231DA /* README.md */,
				A7F92301224707FE00B2BB93 /* TicTacToe */,
				A7F923162247080500B2BB93 /* TicTacToeTests */,
				A7F923212247080500B2BB93 /* TicTacToeUITests */,
				A7F92300224707FE00B2BB93 /* Products */,
			);
			sourceTree = "<group>";
		};
		A7F92300224707FE00B2BB93 /* Products */ = {
			isa = PBXGroup;
			children = (
				A7F922FF224707FE00B2BB93 /* TicTacToe.app */,
				A7F923132247080500B2BB93 /* TicTacToeTests.xctest */,
				A7F9231E2247080500B2BB93 /* TicTacToeUITests.xctest */,
			);
			name = Products;
			sourceTree = "<group>";
		};
		A7F92301224707FE00B2BB93 /* TicTacToe */ = {
			isa = PBXGroup;
			children = (
				A7F92302224707FE00B2BB93 /* AppDelegate.swift */,
				A7F92304224707FE00B2BB93 /* ViewController.swift */,
				A7F92306224707FE00B2BB93 /* Main.storyboard */,
				A7F923092247080400B2BB93 /* Assets.xcassets */,
				A7F923302247109800B2BB93 /* board.png */,
				A7F923312247109800B2BB93 /* cross.png */,
				A7F923322247109800B2BB93 /* nought.png */,
				A7F9230B2247080400B2BB93 /* LaunchScreen.storyboard */,
				A7F9230E2247080400B2BB93 /* Info.plist */,
			);
			path = TicTacToe;
			sourceTree = "<group>";
		};
		A7F923162247080500B2BB93 /* TicTacToeTests */ = {
			isa = PBXGroup;
			children = (
				A7F923172247080500B2BB93 /* TicTacToeTests.swift */,
				A7F923192247080500B2BB93 /* Info.plist */,
			);
			path = TicTacToeTests;
			sourceTree = "<group>";
		};
		A7F923212247080500B2BB93 /* TicTacToeUITests */ = {
			isa = PBXGroup;
			children = (
				A7F923222247080500B2BB93 /* TicTacToeUITests.swift */,
				A7F923242247080500B2BB93 /* Info.plist */,
			);
			path = TicTacToeUITests;
			sourceTree = "<group>";
		};
/* End PBXGroup section */

/* Begin PBXNativeTarget section */
		A7F922FE224707FE00B2BB93 /* TicTacToe */ = {
			isa = PBXNativeTarget;
			buildConfigurationList = A7F923272247080500B2BB93 /* Build configuration list for PBXNativeTarget "TicTacToe" */;
			buildPhases = (
				A7F922FB224707FE00B2BB93 /* Sources */,
				A7F922FC224707FE00B2BB93 /* Frameworks */,
				A7F922FD224707FE00B2BB93 /* Resources */,
			);
			buildRules = (
			);
			dependencies = (
			);
			name = TicTacToe;
			productName = TicTacToe;
			productReference = A7F922FF224707FE00B2BB93 /* TicTacToe.app */;
			productType = "com.apple.product-type.application";
		};
		A7F923122247080500B2BB93 /* TicTacToeTests */ = {
			isa = PBXNativeTarget;
			buildConfigurationList = A7F9232A2247080500B2BB93 /* Build configuration list for PBXNativeTarget "TicTacToeTests" */;
			buildPhases = (
				A7F9230F2247080500B2BB93 /* Sources */,
				A7F923102247080500B2BB93 /* Frameworks */,
				A7F923112247080500B2BB93 /* Resources */,
			);
			buildRules = (
			);
			dependencies = (
				A7F923152247080500B2BB93 /* PBXTargetDependency */,
			);
			name = TicTacToeTests;
			productName = TicTacToeTests;
			productReference = A7F923132247080500B2BB93 /* TicTacToeTests.xctest */;
			productType = "com.apple.product-type.bundle.unit-test";
		};
		A7F9231D2247080500B2BB93 /* TicTacToeUITests */ = {
			isa = PBXNativeTarget;
			buildConfigurationList = A7F9232D2247080500B2BB93 /* Build configuration list for PBXNativeTarget "TicTacToeUITests" */;
			buildPhases = (
				A7F9231A2247080500B2BB93 /* Sources */,
				A7F9231B2247080500B2BB93 /* Frameworks */,
				A7F9231C2247080500B2BB93 /* Resources */,
			);
			buildRules = (
			);
			dependencies = (
				A7F923202247080500B2BB93 /* PBXTargetDependency */,
			);
			name = TicTacToeUITests;
			productName = TicTacToeUITests;
			productReference = A7F9231E2247080500B2BB93 /* TicTacToeUITests.xctest */;
			productType = "com.apple.product-type.bundle.ui-testing";
		};
/* End PBXNativeTarget section */

/* Begin PBXProject section */
		A7F922F7224707FE00B2BB93 /* Project object */ = {
			isa = PBXProject;
			attributes = {
				LastSwiftUpdateCheck = 1010;
				LastUpgradeCheck = 1010;
				ORGANIZATIONNAME = "Ricardo Hui";
				TargetAttributes = {
					A7F922FE224707FE00B2BB93 = {
						CreatedOnToolsVersion = 10.1;
					};
					A7F923122247080500B2BB93 = {
						CreatedOnToolsVersion = 10.1;
						TestTargetID = A7F922FE224707FE00B2BB93;
					};
					A7F9231D2247080500B2BB93 = {
						CreatedOnToolsVersion = 10.1;
						TestTargetID = A7F922FE224707FE00B2BB93;
					};
				};
			};
			buildConfigurationList = A7F922FA224707FE00B2BB93 /* Build configuration list for PBXProject "TicTacToe" */;
			compatibilityVersion = "Xcode 9.3";
			developmentRegion = en;
			hasScannedForEncodings = 0;
			knownRegions = (
				en,
				Base,
			);
			mainGroup = A7F922F6224707FE00B2BB93;
			productRefGroup = A7F92300224707FE00B2BB93 /* Products */;
			projectDirPath = "";
			projectRoot = "";
			targets = (
				A7F922FE224707FE00B2BB93 /* TicTacToe */,
				A7F923122247080500B2BB93 /* TicTacToeTests */,
				A7F9231D2247080500B2BB93 /* TicTacToeUITests */,
			);
		};
/* End PBXProject section */

/* Begin PBXResourcesBuildPhase section */
		A7F922FD224707FE00B2BB93 /* Resources */ = {
			isa = PBXResourcesBuildPhase;
			buildActionMask = 2147483647;
			files = (
				A7F923342247109900B2BB93 /* cross.png in Resources */,
				A7F923332247109900B2BB93 /* board.png in Resources */,
				A7F923352247109900B2BB93 /* nought.png in Resources */,
				A7F9230D2247080400B2BB93 /* LaunchScreen.storyboard in Resources */,
				A7F9230A2247080400B2BB93 /* Assets.xcassets in Resources */,
				A7F92308224707FE00B2BB93 /* Main.storyboard in Resources */,
			);
			runOnlyForDeploymentPostprocessing = 0;
		};
		A7F923112247080500B2BB93 /* Resources */ = {
			isa = PBXResourcesBuildPhase;
			buildActionMask = 2147483647;
			files = (
			);
			runOnlyForDeploymentPostprocessing = 0;
		};
		A7F9231C2247080500B2BB93 /* Resources */ = {
			isa = PBXResourcesBuildPhase;
			buildActionMask = 2147483647;
			files = (
			);
			runOnlyForDeploymentPostprocessing = 0;
		};
/* End PBXResourcesBuildPhase section */

/* Begin PBXSourcesBuildPhase section */
		A7F922FB224707FE00B2BB93 /* Sources */ = {
			isa = PBXSourcesBuildPhase;
			buildActionMask = 2147483647;
			files = (
				A7F92305224707FE00B2BB93 /* ViewController.swift in Sources */,
				A7F92303224707FE00B2BB93 /* AppDelegate.swift in Sources */,
			);
			runOnlyForDeploymentPostprocessing = 0;
		};
		A7F9230F2247080500B2BB93 /* Sources */ = {
			isa = PBXSourcesBuildPhase;
			buildActionMask = 2147483647;
			files = (
				A7F923182247080500B2BB93 /* TicTacToeTests.swift in Sources */,
			);
			runOnlyForDeploymentPostprocessing = 0;
		};
		A7F9231A2247080500B2BB93 /* Sources */ = {
			isa = PBXSourcesBuildPhase;
			buildActionMask = 2147483647;
			files = (
				A7F923232247080500B2BB93 /* TicTacToeUITests.swift in Sources */,
			);
			runOnlyForDeploymentPostprocessing = 0;
		};
/* End PBXSourcesBuildPhase section */

/* Begin PBXTargetDependency section */
		A7F923152247080500B2BB93 /* PBXTargetDependency */ = {
			isa = PBXTargetDependency;
			target = A7F922FE224707FE00B2BB93 /* TicTacToe */;
			targetProxy = A7F923142247080500B2BB93 /* PBXContainerItemProxy */;
		};
		A7F923202247080500B2BB93 /* PBXTargetDependency */ = {
			isa = PBXTargetDependency;
			target = A7F922FE224707FE00B2BB93 /* TicTacToe */;
			targetProxy = A7F9231F2247080500B2BB93 /* PBXContainerItemProxy */;
		};
/* End PBXTargetDependency section */

/* Begin PBXVariantGroup section */
		A7F92306224707FE00B2BB93 /* Main.storyboard */ = {
			isa = PBXVariantGroup;
			children = (
				A7F92307224707FE00B2BB93 /* Base */,
			);
			name = Main.storyboard;
			sourceTree = "<group>";
		};
		A7F9230B2247080400B2BB93 /* LaunchScreen.storyboard */ = {
			isa = PBXVariantGroup;
			children = (
				A7F9230C2247080400B2BB93 /* Base */,
			);
			name = LaunchScreen.storyboard;
			sourceTree = "<group>";
		};
/* End PBXVariantGroup section */

/* Begin XCBuildConfiguration section */
		A7F923252247080500B2BB93 /* Debug */ = {
			isa = XCBuildConfiguration;
			buildSettings = {
				ALWAYS_SEARCH_USER_PATHS = NO;
				CLANG_ANALYZER_NONNULL = YES;
				CLANG_ANALYZER_NUMBER_OBJECT_CONVERSION = YES_AGGRESSIVE;
				CLANG_CXX_LANGUAGE_STANDARD = "gnu++14";
				CLANG_CXX_LIBRARY = "libc++";
				CLANG_ENABLE_MODULES = YES;
				CLANG_ENABLE_OBJC_ARC = YES;
				CLANG_ENABLE_OBJC_WEAK = YES;
				CLANG_WARN_BLOCK_CAPTURE_AUTORELEASING = YES;
				CLANG_WARN_BOOL_CONVERSION = YES;
				CLANG_WARN_COMMA = YES;
				CLANG_WARN_CONSTANT_CONVERSION = YES;
				CLANG_WARN_DEPRECATED_OBJC_IMPLEMENTATIONS = YES;
				CLANG_WARN_DIRECT_OBJC_ISA_USAGE = YES_ERROR;
				CLANG_WARN_DOCUMENTATION_COMMENTS = YES;
				CLANG_WARN_EMPTY_BODY = YES;
				CLANG_WARN_ENUM_CONVERSION = YES;
				CLANG_WARN_INFINITE_RECURSION = YES;
				CLANG_WARN_INT_CONVERSION = YES;
				CLANG_WARN_NON_LITERAL_NULL_CONVERSION = YES;
				CLANG_WARN_OBJC_IMPLICIT_RETAIN_SELF = YES;
				CLANG_WARN_OBJC_LITERAL_CONVERSION = YES;
				CLANG_WARN_OBJC_ROOT_CLASS = YES_ERROR;
				CLANG_WARN_RANGE_LOOP_ANALYSIS = YES;
				CLANG_WARN_STRICT_PROTOTYPES = YES;
				CLANG_WARN_SUSPICIOUS_MOVE = YES;
				CLANG_WARN_UNGUARDED_AVAILABILITY = YES_AGGRESSIVE;
				CLANG_WARN_UNREACHABLE_CODE = YES;
				CLANG_WARN__DUPLICATE_METHOD_MATCH = YES;
				CODE_SIGN_IDENTITY = "iPhone Developer";
				COPY_PHASE_STRIP = NO;
				DEBUG_INFORMATION_FORMAT = dwarf;
				ENABLE_STRICT_OBJC_MSGSEND = YES;
				ENABLE_TESTABILITY = YES;
				GCC_C_LANGUAGE_STANDARD = gnu11;
				GCC_DYNAMIC_NO_PIC = NO;
				GCC_NO_COMMON_BLOCKS = YES;
				GCC_OPTIMIZATION_LEVEL = 0;
				GCC_PREPROCESSOR_DEFINITIONS = (
					"DEBUG=1",
					"$(inherited)",
				);
				GCC_WARN_64_TO_32_BIT_CONVERSION = YES;
				GCC_WARN_ABOUT_RETURN_TYPE = YES_ERROR;
				GCC_WARN_UNDECLARED_SELECTOR = YES;
				GCC_WARN_UNINITIALIZED_AUTOS = YES_AGGRESSIVE;
				GCC_WARN_UNUSED_FUNCTION = YES;
				GCC_WARN_UNUSED_VARIABLE = YES;
				IPHONEOS_DEPLOYMENT_TARGET = 12.1;
				MTL_ENABLE_DEBUG_INFO = INCLUDE_SOURCE;
				MTL_FAST_MATH = YES;
				ONLY_ACTIVE_ARCH = YES;
				SDKROOT = iphoneos;
				SWIFT_ACTIVE_COMPILATION_CONDITIONS = DEBUG;
				SWIFT_OPTIMIZATION_LEVEL = "-Onone";
			};
			name = Debug;
		};
		A7F923262247080500B2BB93 /* Release */ = {
			isa = XCBuildConfiguration;
			buildSettings = {
				ALWAYS_SEARCH_USER_PATHS = NO;
				CLANG_ANALYZER_NONNULL = YES;
				CLANG_ANALYZER_NUMBER_OBJECT_CONVERSION = YES_AGGRESSIVE;
				CLANG_CXX_LANGUAGE_STANDARD = "gnu++14";
				CLANG_CXX_LIBRARY = "libc++";
				CLANG_ENABLE_MODULES = YES;
				CLANG_ENABLE_OBJC_ARC = YES;
				CLANG_ENABLE_OBJC_WEAK = YES;
				CLANG_WARN_BLOCK_CAPTURE_AUTORELEASING = YES;
				CLANG_WARN_BOOL_CONVERSION = YES;
				CLANG_WARN_COMMA = YES;
				CLANG_WARN_CONSTANT_CONVERSION = YES;
				CLANG_WARN_DEPRECATED_OBJC_IMPLEMENTATIONS = YES;
				CLANG_WARN_DIRECT_OBJC_ISA_USAGE = YES_ERROR;
				CLANG_WARN_DOCUMENTATION_COMMENTS = YES;
				CLANG_WARN_EMPTY_BODY = YES;
				CLANG_WARN_ENUM_CONVERSION = YES;
				CLANG_WARN_INFINITE_RECURSION = YES;
				CLANG_WARN_INT_CONVERSION = YES;
				CLANG_WARN_NON_LITERAL_NULL_CONVERSION = YES;
				CLANG_WARN_OBJC_IMPLICIT_RETAIN_SELF = YES;
				CLANG_WARN_OBJC_LITERAL_CONVERSION = YES;
				CLANG_WARN_OBJC_ROOT_CLASS = YES_ERROR;
				CLANG_WARN_RANGE_LOOP_ANALYSIS = YES;
				CLANG_WARN_STRICT_PROTOTYPES = YES;
				CLANG_WARN_SUSPICIOUS_MOVE = YES;
				CLANG_WARN_UNGUARDED_AVAILABILITY = YES_AGGRESSIVE;
				CLANG_WARN_UNREACHABLE_CODE = YES;
				CLANG_WARN__DUPLICATE_METHOD_MATCH = YES;
				CODE_SIGN_IDENTITY = "iPhone Developer";
				COPY_PHASE_STRIP = NO;
				DEBUG_INFORMATION_FORMAT = "dwarf-with-dsym";
				ENABLE_NS_ASSERTIONS = NO;
				ENABLE_STRICT_OBJC_MSGSEND = YES;
				GCC_C_LANGUAGE_STANDARD = gnu11;
				GCC_NO_COMMON_BLOCKS = YES;
				GCC_WARN_64_TO_32_BIT_CONVERSION = YES;
				GCC_WARN_ABOUT_RETURN_TYPE = YES_ERROR;
				GCC_WARN_UNDECLARED_SELECTOR = YES;
				GCC_WARN_UNINITIALIZED_AUTOS = YES_AGGRESSIVE;
				GCC_WARN_UNUSED_FUNCTION = YES;
				GCC_WARN_UNUSED_VARIABLE = YES;
				IPHONEOS_DEPLOYMENT_TARGET = 12.1;
				MTL_ENABLE_DEBUG_INFO = NO;
				MTL_FAST_MATH = YES;
				SDKROOT = iphoneos;
				SWIFT_COMPILATION_MODE = wholemodule;
				SWIFT_OPTIMIZATION_LEVEL = "-O";
				VALIDATE_PRODUCT = YES;
			};
			name = Release;
		};
		A7F923282247080500B2BB93 /* Debug */ = {
			isa = XCBuildConfiguration;
			buildSettings = {
				ASSETCATALOG_COMPILER_APPICON_NAME = AppIcon;
				CODE_SIGN_STYLE = Automatic;
				DEVELOPMENT_TEAM = L6682JJSD3;
				INFOPLIST_FILE = TicTacToe/Info.plist;
				LD_RUNPATH_SEARCH_PATHS = (
					"$(inherited)",
					"@executable_path/Frameworks",
				);
				PRODUCT_BUNDLE_IDENTIFIER = com.ricardohui.TicTacToe;
				PRODUCT_NAME = "$(TARGET_NAME)";
				SWIFT_VERSION = 4.2;
				TARGETED_DEVICE_FAMILY = "1,2";
			};
			name = Debug;
		};
		A7F923292247080500B2BB93 /* Release */ = {
			isa = XCBuildConfiguration;
			buildSettings = {
				ASSETCATALOG_COMPILER_APPICON_NAME = AppIcon;
				CODE_SIGN_STYLE = Automatic;
				DEVELOPMENT_TEAM = L6682JJSD3;
				INFOPLIST_FILE = TicTacToe/Info.plist;
				LD_RUNPATH_SEARCH_PATHS = (
					"$(inherited)",
					"@executable_path/Frameworks",
				);
				PRODUCT_BUNDLE_IDENTIFIER = com.ricardohui.TicTacToe;
				PRODUCT_NAME = "$(TARGET_NAME)";
				SWIFT_VERSION = 4.2;
				TARGETED_DEVICE_FAMILY = "1,2";
			};
			name = Release;
		};
		A7F9232B2247080500B2BB93 /* Debug */ = {
			isa = XCBuildConfiguration;
			buildSettings = {
				ALWAYS_EMBED_SWIFT_STANDARD_LIBRARIES = YES;
				BUNDLE_LOADER = "$(TEST_HOST)";
				CODE_SIGN_STYLE = Automatic;
				INFOPLIST_FILE = TicTacToeTests/Info.plist;
				LD_RUNPATH_SEARCH_PATHS = (
					"$(inherited)",
					"@executable_path/Frameworks",
					"@loader_path/Frameworks",
				);
				PRODUCT_BUNDLE_IDENTIFIER = me.highfly.TicTacToeTests;
				PRODUCT_NAME = "$(TARGET_NAME)";
				SWIFT_VERSION = 4.2;
				TARGETED_DEVICE_FAMILY = "1,2";
				TEST_HOST = "$(BUILT_PRODUCTS_DIR)/TicTacToe.app/TicTacToe";
			};
			name = Debug;
		};
		A7F9232C2247080500B2BB93 /* Release */ = {
			isa = XCBuildConfiguration;
			buildSettings = {
				ALWAYS_EMBED_SWIFT_STANDARD_LIBRARIES = YES;
				BUNDLE_LOADER = "$(TEST_HOST)";
				CODE_SIGN_STYLE = Automatic;
				INFOPLIST_FILE = TicTacToeTests/Info.plist;
				LD_RUNPATH_SEARCH_PATHS = (
					"$(inherited)",
					"@executable_path/Frameworks",
					"@loader_path/Frameworks",
				);
				PRODUCT_BUNDLE_IDENTIFIER = me.highfly.TicTacToeTests;
				PRODUCT_NAME = "$(TARGET_NAME)";
				SWIFT_VERSION = 4.2;
				TARGETED_DEVICE_FAMILY = "1,2";
				TEST_HOST = "$(BUILT_PRODUCTS_DIR)/TicTacToe.app/TicTacToe";
			};
			name = Release;
		};
		A7F9232E2247080500B2BB93 /* Debug */ = {
			isa = XCBuildConfiguration;
			buildSettings = {
				ALWAYS_EMBED_SWIFT_STANDARD_LIBRARIES = YES;
				CODE_SIGN_STYLE = Automatic;
				INFOPLIST_FILE = TicTacToeUITests/Info.plist;
				LD_RUNPATH_SEARCH_PATHS = (
					"$(inherited)",
					"@executable_path/Frameworks",
					"@loader_path/Frameworks",
				);
				PRODUCT_BUNDLE_IDENTIFIER = me.highfly.TicTacToeUITests;
				PRODUCT_NAME = "$(TARGET_NAME)";
				SWIFT_VERSION = 4.2;
				TARGETED_DEVICE_FAMILY = "1,2";
				TEST_TARGET_NAME = TicTacToe;
			};
			name = Debug;
		};
		A7F9232F2247080500B2BB93 /* Release */ = {
			isa = XCBuildConfiguration;
			buildSettings = {
				ALWAYS_EMBED_SWIFT_STANDARD_LIBRARIES = YES;
				CODE_SIGN_STYLE = Automatic;
				INFOPLIST_FILE = TicTacToeUITests/Info.plist;
				LD_RUNPATH_SEARCH_PATHS = (
					"$(inherited)",
					"@executable_path/Frameworks",
					"@loader_path/Frameworks",
				);
				PRODUCT_BUNDLE_IDENTIFIER = me.highfly.TicTacToeUITests;
				PRODUCT_NAME = "$(TARGET_NAME)";
				SWIFT_VERSION = 4.2;
				TARGETED_DEVICE_FAMILY = "1,2";
				TEST_TARGET_NAME = TicTacToe;
			};
			name = Release;
		};
/* End XCBuildConfiguration section */

/* Begin XCConfigurationList section */
		A7F922FA224707FE00B2BB93 /* Build configuration list for PBXProject "TicTacToe" */ = {
			isa = XCConfigurationList;
			buildConfigurations = (
				A7F923252247080500B2BB93 /* Debug */,
				A7F923262247080500B2BB93 /* Release */,
			);
			defaultConfigurationIsVisible = 0;
			defaultConfigurationName = Release;
		};
		A7F923272247080500B2BB93 /* Build configuration list for PBXNativeTarget "TicTacToe" */ = {
			isa = XCConfigurationList;
			buildConfigurations = (
				A7F923282247080500B2BB93 /* Debug */,
				A7F923292247080500B2BB93 /* Release */,
			);
			defaultConfigurationIsVisible = 0;
			defaultConfigurationName = Release;
		};
		A7F9232A2247080500B2BB93 /* Build configuration list for PBXNativeTarget "TicTacToeTests" */ = {
			isa = XCConfigurationList;
			buildConfigurations = (
				A7F9232B2247080500B2BB93 /* Debug */,
				A7F9232C2247080500B2BB93 /* Release */,
			);
			defaultConfigurationIsVisible = 0;
			defaultConfigurationName = Release;
		};
		A7F9232D2247080500B2BB93 /* Build configuration list for PBXNativeTarget "TicTacToeUITests" */ = {
			isa = XCConfigurationList;
			buildConfigurations = (
				A7F9232E2247080500B2BB93 /* Debug */,
				A7F9232F2247080500B2BB93 /* Release */,
			);
			defaultConfigurationIsVisible = 0;
			defaultConfigurationName = Release;
		};
/* End XCConfigurationList section */
	};
	rootObject = A7F922F7224707FE00B2BB93 /* Project object */;
}
